# This file is automatically @generated by Cargo.
# It is not intended for manual editing.
version = 4

[[package]]
name = "penny-admin"
version = "0.1.0"

[[package]]
name = "penny-budget"
version = "0.1.0"

[[package]]
name = "penny-cli"
version = "0.1.0"

[[package]]
name = "penny-config"
version = "0.1.0"

[[package]]
name = "penny-cost"
version = "0.1.0"

[[package]]
name = "penny-detect"
version = "0.1.0"

[[package]]
name = "penny-ledger"
version = "0.1.0"

[[package]]
name = "penny-observe"
version = "0.1.0"

[[package]]
name = "penny-providers"
version = "0.1.0"

[[package]]
name = "penny-proxy"
version = "0.1.0"

[[package]]
name = "penny-store"
version = "0.1.0"

[[package]]
name = "penny-types"
version = "0.1.0"
